
Microsoft Visual Studio Solution File, Format Version 12.00
# Visual Studio Version 16
VisualStudioVersion = 16.0.31515.178
MinimumVisualStudioVersion = 10.0.40219.1
Project("{FAE04EC0-301F-11D3-BF4B-00C04F79EFBC}") = "Xaviepedia", "Xaviepedia\Xaviepedia.csproj", "{1A3472D3-8A44-4826-B1AE-E13F24A87B8A}"
EndProject
Global
	GlobalSection(SolutionConfigurationPlatforms) = preSolution
		Debug|Any CPU = Debug|Any CPU
		Release|Any CPU = Release|Any CPU
	EndGlobalSection
	GlobalSection(ProjectConfigurationPlatforms) = postSolution
		{1A3472D3-8A44-4826-B1AE-E13F24A87B8A}.Debug|Any CPU.ActiveCfg = Debug|Any CPU
		{1A3472D3-8A44-4826-B1AE-E13F24A87B8A}.Debug|Any CPU.Build.0 = Debug|Any CPU
		{1A3472D3-8A44-4826-B1AE-E13F24A87B8A}.Release|Any CPU.ActiveCfg = Release|Any CPU
		{1A3472D3-8A44-4826-B1AE-E13F24A87B8A}.Release|Any CPU.Build.0 = Release|Any CPU
	EndGlobalSection
	GlobalSection(SolutionProperties) = preSolution
		HideSolutionNode = FALSE
	EndGlobalSection
	GlobalSection(ExtensibilityGlobals) = postSolution
		SolutionGuid = {6EBC48D8-8BFC-4A6D-8A79-DDA714804622}
	EndGlobalSection
EndGlobal
